
Microsoft Visual Studio Solution File, Format Version 12.00
# Visual Studio Version 16
VisualStudioVersion = 16.0.30804.86
MinimumVisualStudioVersion = 10.0.40219.1
Project("{FAE04EC0-301F-11D3-BF4B-00C04F79EFBC}") = "HaileyHullingerAssignment3", "HaileyHullingerAssignment3.csproj", "{CC401898-EB33-475D-AC38-197E8BC2298A}"
EndProject
Global
	GlobalSection(SolutionConfigurationPlatforms) = preSolution
		Debug|Any CPU = Debug|Any CPU
		Release|Any CPU = Release|Any CPU
	EndGlobalSection
	GlobalSection(ProjectConfigurationPlatforms) = postSolution
		{CC401898-EB33-475D-AC38-197E8BC2298A}.Debug|Any CPU.ActiveCfg = Debug|Any CPU
		{CC401898-EB33-475D-AC38-197E8BC2298A}.Debug|Any CPU.Build.0 = Debug|Any CPU
		{CC401898-EB33-475D-AC38-197E8BC2298A}.Release|Any CPU.ActiveCfg = Release|Any CPU
		{CC401898-EB33-475D-AC38-197E8BC2298A}.Release|Any CPU.Build.0 = Release|Any CPU
	EndGlobalSection
	GlobalSection(SolutionProperties) = preSolution
		HideSolutionNode = FALSE
	EndGlobalSection
	GlobalSection(ExtensibilityGlobals) = postSolution
		SolutionGuid = {2F1CAEB7-E545-4C58-863C-054B2791F6D7}
	EndGlobalSection
EndGlobal
